// !$*UTF8*$!
{
	archiveVersion = 1;
	classes = {
	};
	objectVersion = 46;
	objects = {

/* Begin PBXBuildFile section */
		D4EAA8851A858D74000B8E30 /* AppDelegate.swift in Sources */ = {isa = PBXBuildFile; fileRef = D4EAA8841A858D74000B8E30 /* AppDelegate.swift */; };
		D4EAA8871A858D74000B8E30 /* ViewController.swift in Sources */ = {isa = PBXBuildFile; fileRef = D4EAA8861A858D74000B8E30 /* ViewController.swift */; };
		D4EAA88A1A858D74000B8E30 /* Main.storyboard in Resources */ = {isa = PBXBuildFile; fileRef = D4EAA8881A858D74000B8E30 /* Main.storyboard */; };
		D4EAA88C1A858D74000B8E30 /* Images.xcassets in Resources */ = {isa = PBXBuildFile; fileRef = D4EAA88B1A858D74000B8E30 /* Images.xcassets */; };
		D4EAA88F1A858D75000B8E30 /* LaunchScreen.xib in Resources */ = {isa = PBXBuildFile; fileRef = D4EAA88D1A858D75000B8E30 /* LaunchScreen.xib */; };
		D4EAA89B1A858D75000B8E30 /* Assignment1Tests.swift in Sources */ = {isa = PBXBuildFile; fileRef = D4EAA89A1A858D75000B8E30 /* Assignment1Tests.swift */; };
/* End PBXBuildFile section */

/* Begin PBXContainerItemProxy section */
		D4EAA8951A858D75000B8E30 /* PBXContainerItemProxy */ = {
			isa = PBXContainerItemProxy;
			containerPortal = D4EAA8771A858D74000B8E30 /* Project object */;
			proxyType = 1;
			remoteGlobalIDString = D4EAA87E1A858D74000B8E30;
			remoteInfo = Assignment1;
		};
/* End PBXContainerItemProxy section */

/* Begin PBXFileReference section */
		D4EAA87F1A858D74000B8E30 /* Assignment1.app */ = {isa = PBXFileReference; explicitFileType = wrapper.application; includeInIndex = 0; path = Assignment1.app; sourceTree = BUILT_PRODUCTS_DIR; };
		D4EAA8831A858D74000B8E30 /* Info.plist */ = {isa = PBXFileReference; lastKnownFileType = text.plist.xml; path = Info.plist; sourceTree = "<group>"; };
		D4EAA8841A858D74000B8E30 /* AppDelegate.swift */ = {isa = PBXFileReference; lastKnownFileType = sourcecode.swift; path = AppDelegate.swift; sourceTree = "<group>"; };
		D4EAA8861A858D74000B8E30 /* ViewController.swift */ = {isa = PBXFileReference; lastKnownFileType = sourcecode.swift; path = ViewController.swift; sourceTree = "<group>"; };
		D4EAA8891A858D74000B8E30 /* Base */ = {isa = PBXFileReference; lastKnownFileType = file.storyboard; name = Base; path = Base.lproj/Main.storyboard; sourceTree = "<group>"; };
		D4EAA88B1A858D74000B8E30 /* Images.xcassets */ = {isa = PBXFileReference; lastKnownFileType = folder.assetcatalog; path = Images.xcassets; sourceTree = "<group>"; };
		D4EAA88E1A858D75000B8E30 /* Base */ = {isa = PBXFileReference; lastKnownFileType = file.xib; name = Base; path = Base.lproj/LaunchScreen.xib; sourceTree = "<group>"; };
		D4EAA8941A858D75000B8E30 /* Assignment1Tests.xctest */ = {isa = PBXFileReference; explicitFileType = wrapper.cfbundle; includeInIndex = 0; path = Assignment1Tests.xctest; sourceTree = BUILT_PRODUCTS_DIR; };
		D4EAA8991A858D75000B8E30 /* Info.plist */ = {isa = PBXFileReference; lastKnownFileType = text.plist.xml; path = Info.plist; sourceTree = "<group>"; };
		D4EAA89A1A858D75000B8E30 /* Assignment1Tests.swift */ = {isa = PBXFileReference; lastKnownFileType = sourcecode.swift; path = Assignment1Tests.swift; sourceTree = "<group>"; };
/* End PBXFileReference section */

/* Begin PBXFrameworksBuildPhase section */
		D4EAA87C1A858D74000B8E30 /* Frameworks */ = {
			isa = PBXFrameworksBuildPhase;
			buildActionMask = 2147483647;
			files = (
			);
			runOnlyForDeploymentPostprocessing = 0;
		};
		D4EAA8911A858D75000B8E30 /* Frameworks */ = {
			isa = PBXFrameworksBuildPhase;
			buildActionMask = 2147483647;
			files = (
			);
			runOnlyForDeploymentPostprocessing = 0;
		};
/* End PBXFrameworksBuildPhase section */

/* Begin PBXGroup section */
		D4EAA8761A858D74000B8E30 = {
			isa = PBXGroup;
			children = (
				D4EAA8811A858D74000B8E30 /* Assignment1 */,
				D4EAA8971A858D75000B8E30 /* Assignment1Tests */,
				D4EAA8801A858D74000B8E30 /* Products */,
			);
			sourceTree = "<group>";
		};
		D4EAA8801A858D74000B8E30 /* Products */ = {
			isa = PBXGroup;
			children = (
				D4EAA87F1A858D74000B8E30 /* Assignment1.app */,
				D4EAA8941A858D75000B8E30 /* Assignment1Tests.xctest */,
			);
			name = Products;
			sourceTree = "<group>";
		};
		D4EAA8811A858D74000B8E30 /* Assignment1 */ = {
			isa = PBXGroup;
			children = (
				D4EAA8841A858D74000B8E30 /* AppDelegate.swift */,
				D4EAA8861A858D74000B8E30 /* ViewController.swift */,
				D4EAA8881A858D74000B8E30 /* Main.storyboard */,
				D4EAA88B1A858D74000B8E30 /* Images.xcassets */,
				D4EAA88D1A858D75000B8E30 /* LaunchScreen.xib */,
				D4EAA8821A858D74000B8E30 /* Supporting Files */,
			);
			path = Assignment1;
			sourceTree = "<group>";
		};
		D4EAA8821A858D74000B8E30 /* Supporting Files */ = {
			isa = PBXGroup;
			children = (
				D4EAA8831A858D74000B8E30 /* Info.plist */,
			);
			name = "Supporting Files";
			sourceTree = "<group>";
		};
		D4EAA8971A858D75000B8E30 /* Assignment1Tests */ = {
			isa = PBXGroup;
			children = (
				D4EAA89A1A858D75000B8E30 /* Assignment1Tests.swift */,
				D4EAA8981A858D75000B8E30 /* Supporting Files */,
			);
			path = Assignment1Tests;
			sourceTree = "<group>";
		};
		D4EAA8981A858D75000B8E30 /* Supporting Files */ = {
			isa = PBXGroup;
			children = (
				D4EAA8991A858D75000B8E30 /* Info.plist */,
			);
			name = "Supporting Files";
			sourceTree = "<group>";
		};
/* End PBXGroup section */

/* Begin PBXNativeTarget section */
		D4EAA87E1A858D74000B8E30 /* Assignment1 */ = {
			isa = PBXNativeTarget;
			buildConfigurationList = D4EAA89E1A858D75000B8E30 /* Build configuration list for PBXNativeTarget "Assignment1" */;
			buildPhases = (
				D4EAA87B1A858D74000B8E30 /* Sources */,
				D4EAA87C1A858D74000B8E30 /* Frameworks */,
				D4EAA87D1A858D74000B8E30 /* Resources */,
			);
			buildRules = (
			);
			dependencies = (
			);
			name = Assignment1;
			productName = Assignment1;
			productReference = D4EAA87F1A858D74000B8E30 /* Assignment1.app */;
			productType = "com.apple.product-type.application";
		};
		D4EAA8931A858D75000B8E30 /* Assignment1Tests */ = {
			isa = PBXNativeTarget;
			buildConfigurationList = D4EAA8A11A858D75000B8E30 /* Build configuration list for PBXNativeTarget "Assignment1Tests" */;
			buildPhases = (
				D4EAA8901A858D75000B8E30 /* Sources */,
				D4EAA8911A858D75000B8E30 /* Frameworks */,
				D4EAA8921A858D75000B8E30 /* Resources */,
			);
			buildRules = (
			);
			dependencies = (
				D4EAA8961A858D75000B8E30 /* PBXTargetDependency */,
			);
			name = Assignment1Tests;
			productName = Assignment1Tests;
			productReference = D4EAA8941A858D75000B8E30 /* Assignment1Tests.xctest */;
			productType = "com.apple.product-type.bundle.unit-test";
		};
/* End PBXNativeTarget section */

/* Begin PBXProject section */
		D4EAA8771A858D74000B8E30 /* Project object */ = {
			isa = PBXProject;
			attributes = {
				LastUpgradeCheck = 0610;
				ORGANIZATIONNAME = "Shota Aizawa";
				TargetAttributes = {
					D4EAA87E1A858D74000B8E30 = {
						CreatedOnToolsVersion = 6.1.1;
					};
					D4EAA8931A858D75000B8E30 = {
						CreatedOnToolsVersion = 6.1.1;
						TestTargetID = D4EAA87E1A858D74000B8E30;
					};
				};
			};
			buildConfigurationList = D4EAA87A1A858D74000B8E30 /* Build configuration list for PBXProject "Assignment1" */;
			compatibilityVersion = "Xcode 3.2";
			developmentRegion = English;
			hasScannedForEncodings = 0;
			knownRegions = (
				en,
				Base,
			);
			mainGroup = D4EAA8761A858D74000B8E30;
			productRefGroup = D4EAA8801A858D74000B8E30 /* Products */;
			projectDirPath = "";
			projectRoot = "";
			targets = (
				D4EAA87E1A858D74000B8E30 /* Assignment1 */,
				D4EAA8931A858D75000B8E30 /* Assignment1Tests */,
			);
		};
/* End PBXProject section */

/* Begin PBXResourcesBuildPhase section */
		D4EAA87D1A858D74000B8E30 /* Resources */ = {
			isa = PBXResourcesBuildPhase;
			buildActionMask = 2147483647;
			files = (
				D4EAA88A1A858D74000B8E30 /* Main.storyboard in Resources */,
				D4EAA88F1A858D75000B8E30 /* LaunchScreen.xib in Resources */,
				D4EAA88C1A858D74000B8E30 /* Images.xcassets in Resources */,
			);
			runOnlyForDeploymentPostprocessing = 0;
		};
		D4EAA8921A858D75000B8E30 /* Resources */ = {
			isa = PBXResourcesBuildPhase;
			buildActionMask = 2147483647;
			files = (
			);
			runOnlyForDeploymentPostprocessing = 0;
		};
/* End PBXResourcesBuildPhase section */

/* Begin PBXSourcesBuildPhase section */
		D4EAA87B1A858D74000B8E30 /* Sources */ = {
			isa = PBXSourcesBuildPhase;
			buildActionMask = 2147483647;
			files = (
				D4EAA8871A858D74000B8E30 /* ViewController.swift in Sources */,
				D4EAA8851A858D74000B8E30 /* AppDelegate.swift in Sources */,
			);
			runOnlyForDeploymentPostprocessing = 0;
		};
		D4EAA8901A858D75000B8E30 /* Sources */ = {
			isa = PBXSourcesBuildPhase;
			buildActionMask = 2147483647;
			files = (
				D4EAA89B1A858D75000B8E30 /* Assignment1Tests.swift in Sources */,
			);
			runOnlyForDeploymentPostprocessing = 0;
		};
/* End PBXSourcesBuildPhase section */

/* Begin PBXTargetDependency section */
		D4EAA8961A858D75000B8E30 /* PBXTargetDependency */ = {
			isa = PBXTargetDependency;
			target = D4EAA87E1A858D74000B8E30 /* Assignment1 */;
			targetProxy = D4EAA8951A858D75000B8E30 /* PBXContainerItemProxy */;
		};
/* End PBXTargetDependency section */

/* Begin PBXVariantGroup section */
		D4EAA8881A858D74000B8E30 /* Main.storyboard */ = {
			isa = PBXVariantGroup;
			children = (
				D4EAA8891A858D74000B8E30 /* Base */,
			);
			name = Main.storyboard;
			sourceTree = "<group>";
		};
		D4EAA88D1A858D75000B8E30 /* LaunchScreen.xib */ = {
			isa = PBXVariantGroup;
			children = (
				D4EAA88E1A858D75000B8E30 /* Base */,
			);
			name = LaunchScreen.xib;
			sourceTree = "<group>";
		};
/* End PBXVariantGroup section */

/* Begin XCBuildConfiguration section */
		D4EAA89C1A858D75000B8E30 /* Debug */ = {
			isa = XCBuildConfiguration;
			buildSettings = {
				ALWAYS_SEARCH_USER_PATHS = NO;
				CLANG_CXX_LANGUAGE_STANDARD = "gnu++0x";
				CLANG_CXX_LIBRARY = "libc++";
				CLANG_ENABLE_MODULES = YES;
				CLANG_ENABLE_OBJC_ARC = YES;
				CLANG_WARN_BOOL_CONVERSION = YES;
				CLANG_WARN_CONSTANT_CONVERSION = YES;
				CLANG_WARN_DIRECT_OBJC_ISA_USAGE = YES_ERROR;
				CLANG_WARN_EMPTY_BODY = YES;
				CLANG_WARN_ENUM_CONVERSION = YES;
				CLANG_WARN_INT_CONVERSION = YES;
				CLANG_WARN_OBJC_ROOT_CLASS = YES_ERROR;
				CLANG_WARN_UNREACHABLE_CODE = YES;
				CLANG_WARN__DUPLICATE_METHOD_MATCH = YES;
				"CODE_SIGN_IDENTITY[sdk=iphoneos*]" = "iPhone Developer";
				COPY_PHASE_STRIP = NO;
				ENABLE_STRICT_OBJC_MSGSEND = YES;
				GCC_C_LANGUAGE_STANDARD = gnu99;
				GCC_DYNAMIC_NO_PIC = NO;
				GCC_OPTIMIZATION_LEVEL = 0;
				GCC_PREPROCESSOR_DEFINITIONS = (
					"DEBUG=1",
					"$(inherited)",
				);
				GCC_SYMBOLS_PRIVATE_EXTERN = NO;
				GCC_WARN_64_TO_32_BIT_CONVERSION = YES;
				GCC_WARN_ABOUT_RETURN_TYPE = YES_ERROR;
				GCC_WARN_UNDECLARED_SELECTOR = YES;
				GCC_WARN_UNINITIALIZED_AUTOS = YES_AGGRESSIVE;
				GCC_WARN_UNUSED_FUNCTION = YES;
				GCC_WARN_UNUSED_VARIABLE = YES;
				IPHONEOS_DEPLOYMENT_TARGET = 8.1;
				MTL_ENABLE_DEBUG_INFO = YES;
				ONLY_ACTIVE_ARCH = YES;
				SDKROOT = iphoneos;
				SWIFT_OPTIMIZATION_LEVEL = "-Onone";
			};
			name = Debug;
		};
		D4EAA89D1A858D75000B8E30 /* Release */ = {
			isa = XCBuildConfiguration;
			buildSettings = {
				ALWAYS_SEARCH_USER_PATHS = NO;
				CLANG_CXX_LANGUAGE_STANDARD = "gnu++0x";
				CLANG_CXX_LIBRARY = "libc++";
				CLANG_ENABLE_MODULES = YES;
				CLANG_ENABLE_OBJC_ARC = YES;
				CLANG_WARN_BOOL_CONVERSION = YES;
				CLANG_WARN_CONSTANT_CONVERSION = YES;
				CLANG_WARN_DIRECT_OBJC_ISA_USAGE = YES_ERROR;
				CLANG_WARN_EMPTY_BODY = YES;
				CLANG_WARN_ENUM_CONVERSION = YES;
				CLANG_WARN_INT_CONVERSION = YES;
				CLANG_WARN_OBJC_ROOT_CLASS = YES_ERROR;
				CLANG_WARN_UNREACHABLE_CODE = YES;
				CLANG_WARN__DUPLICATE_METHOD_MATCH = YES;
				"CODE_SIGN_IDENTITY[sdk=iphoneos*]" = "iPhone Developer";
				COPY_PHASE_STRIP = YES;
				ENABLE_NS_ASSERTIONS = NO;
				ENABLE_STRICT_OBJC_MSGSEND = YES;
				GCC_C_LANGUAGE_STANDARD = gnu99;
				GCC_WARN_64_TO_32_BIT_CONVERSION = YES;
				GCC_WARN_ABOUT_RETURN_TYPE = YES_ERROR;
				GCC_WARN_UNDECLARED_SELECTOR = YES;
				GCC_WARN_UNINITIALIZED_AUTOS = YES_AGGRESSIVE;
				GCC_WARN_UNUSED_FUNCTION = YES;
				GCC_WARN_UNUSED_VARIABLE = YES;
				IPHONEOS_DEPLOYMENT_TARGET = 8.1;
				MTL_ENABLE_DEBUG_INFO = NO;
				SDKROOT = iphoneos;
				VALIDATE_PRODUCT = YES;
			};
			name = Release;
		};
		D4EAA89F1A858D75000B8E30 /* Debug */ = {
			isa = XCBuildConfiguration;
			buildSettings = {
				ASSETCATALOG_COMPILER_APPICON_NAME = AppIcon;
				INFOPLIST_FILE = Assignment1/Info.plist;
				LD_RUNPATH_SEARCH_PATHS = "$(inherited) @executable_path/Frameworks";
				PRODUCT_NAME = "$(TARGET_NAME)";
			};
			name = Debug;
		};
		D4EAA8A01A858D75000B8E30 /* Release */ = {
			isa = XCBuildConfiguration;
			buildSettings = {
				ASSETCATALOG_COMPILER_APPICON_NAME = AppIcon;
				INFOPLIST_FILE = Assignment1/Info.plist;
				LD_RUNPATH_SEARCH_PATHS = "$(inherited) @executable_path/Frameworks";
				PRODUCT_NAME = "$(TARGET_NAME)";
			};
			name = Release;
		};
		D4EAA8A21A858D75000B8E30 /* Debug */ = {
			isa = XCBuildConfiguration;
			buildSettings = {
				BUNDLE_LOADER = "$(TEST_HOST)";
				FRAMEWORK_SEARCH_PATHS = (
					"$(SDKROOT)/Developer/Library/Frameworks",
					"$(inherited)",
				);
				GCC_PREPROCESSOR_DEFINITIONS = (
					"DEBUG=1",
					"$(inherited)",
				);
				INFOPLIST_FILE = Assignment1Tests/Info.plist;
				LD_RUNPATH_SEARCH_PATHS = "$(inherited) @executable_path/Frameworks @loader_path/Frameworks";
				PRODUCT_NAME = "$(TARGET_NAME)";
				TEST_HOST = "$(BUILT_PRODUCTS_DIR)/Assignment1.app/Assignment1";
			};
			name = Debug;
		};
		D4EAA8A31A858D75000B8E30 /* Release */ = {
			isa = XCBuildConfiguration;
			buildSettings = {
				BUNDLE_LOADER = "$(TEST_HOST)";
				FRAMEWORK_SEARCH_PATHS = (
					"$(SDKROOT)/Developer/Library/Frameworks",
					"$(inherited)",
				);
				INFOPLIST_FILE = Assignment1Tests/Info.plist;
				LD_RUNPATH_SEARCH_PATHS = "$(inherited) @executable_path/Frameworks @loader_path/Frameworks";
				PRODUCT_NAME = "$(TARGET_NAME)";
				TEST_HOST = "$(BUILT_PRODUCTS_DIR)/Assignment1.app/Assignment1";
			};
			name = Release;
		};
/* End XCBuildConfiguration section */

/* Begin XCConfigurationList section */
		D4EAA87A1A858D74000B8E30 /* Build configuration list for PBXProject "Assignment1" */ = {
			isa = XCConfigurationList;
			buildConfigurations = (
				D4EAA89C1A858D75000B8E30 /* Debug */,
				D4EAA89D1A858D75000B8E30 /* Release */,
			);
			defaultConfigurationIsVisible = 0;
			defaultConfigurationName = Release;
		};
		D4EAA89E1A858D75000B8E30 /* Build configuration list for PBXNativeTarget "Assignment1" */ = {
			isa = XCConfigurationList;
			buildConfigurations = (
				D4EAA89F1A858D75000B8E30 /* Debug */,
				D4EAA8A01A858D75000B8E30 /* Release */,
			);
			defaultConfigurationIsVisible = 0;
		};
		D4EAA8A11A858D75000B8E30 /* Build configuration list for PBXNativeTarget "Assignment1Tests" */ = {
			isa = XCConfigurationList;
			buildConfigurations = (
				D4EAA8A21A858D75000B8E30 /* Debug */,
				D4EAA8A31A858D75000B8E30 /* Release */,
			);
			defaultConfigurationIsVisible = 0;
		};
/* End XCConfigurationList section */
	};
	rootObject = D4EAA8771A858D74000B8E30 /* Project object */;
}
